
Microsoft Visual Studio Solution File, Format Version 12.00
# Visual Studio Version 17
VisualStudioVersion = 17.14.36616.10 d17.14
MinimumVisualStudioVersion = 10.0.40219.1
Project("{FAE04EC0-301F-11D3-BF4B-00C04F79EFBC}") = "AdminDesktop", "AdminDesktop\AdminDesktop.csproj", "{1B679628-AB3F-49E2-A3AD-C3292C358532}"
EndProject
Global
	GlobalSection(SolutionConfigurationPlatforms) = preSolution
		Debug|Any CPU = Debug|Any CPU
		Release|Any CPU = Release|Any CPU
	EndGlobalSection
	GlobalSection(ProjectConfigurationPlatforms) = postSolution
		{1B679628-AB3F-49E2-A3AD-C3292C358532}.Debug|Any CPU.ActiveCfg = Debug|Any CPU
		{1B679628-AB3F-49E2-A3AD-C3292C358532}.Debug|Any CPU.Build.0 = Debug|Any CPU
		{1B679628-AB3F-49E2-A3AD-C3292C358532}.Release|Any CPU.ActiveCfg = Release|Any CPU
		{1B679628-AB3F-49E2-A3AD-C3292C358532}.Release|Any CPU.Build.0 = Release|Any CPU
	EndGlobalSection
	GlobalSection(SolutionProperties) = preSolution
		HideSolutionNode = FALSE
	EndGlobalSection
	GlobalSection(ExtensibilityGlobals) = postSolution
		SolutionGuid = {EFF94522-3C3A-4637-9D58-8FD0B1B6B857}
	EndGlobalSection
EndGlobal
